<?xml version="1.0" encoding="utf-8"?>
<Project ToolsVersion="4.0" xmlns="http://schemas.microsoft.com/developer/msbuild/2003">
  <ItemGroup>
    <ClInclude Include="Core\Ids.h" />
    <ClInclude Include="Core\DefType.h" />
    <ClInclude Include="Core\Schema.h" />
    <ClInclude Include="Data\Def.h" />
    <ClInclude Include="Data\ItemDef.h" />
    <ClInclude Include="Data\WeaponDef.h" />
    <ClInclude Include="Data\ArmorDef.h" />
    <ClInclude Include="Data\ConsumableDef.h" />
    <ClInclude Include="Data\MiscItemDef.h" />
    <ClInclude Include="Data\ActorDef.h" />
    <ClInclude Include="Data\DefTable.h" />
    <ClInclude Include="Data\DefRegistry.h" />
    <ClInclude Include="Data\TextSerializer.h" />
    <ClInclude Include="Data\Instance.h" />
    <ClInclude Include="Core\Vector2.h" />
    <ClInclude Include="Core\Vector3.h" />
  </ItemGroup>
  <ItemGroup>
    <ClCompile Include="Core\Schema.cpp" />
    <ClCompile Include="Data\Def.cpp" />
    <ClCompile Include="Data\ItemDef.cpp" />
    <ClCompile Include="Data\WeaponDef.cpp" />
    <ClCompile Include="Data\ArmorDef.cpp" />
    <ClCompile Include="Data\ConsumableDef.cpp" />
    <ClCompile Include="Data\MiscItemDef.cpp" />
    <ClCompile Include="Data\ActorDef.cpp" />
    <ClCompile Include="Data\DefTable.cpp" />
    <ClCompile Include="Data\DefRegistry.cpp" />
    <ClCompile Include="Data\TextSerializer.cpp" />
  </ItemGroup>
</Project>